
Microsoft Visual Studio Solution File, Format Version 12.00
# Visual Studio 15
VisualStudioVersion = 15.0.28307.168
MinimumVisualStudioVersion = 10.0.40219.1
Project("{FAE04EC0-301F-11D3-BF4B-00C04F79EFBC}") = "OdeToFood", "OdeToFood\OdeToFood.csproj", "{D0516F1F-94B9-4061-9936-C5D729A3099E}"
EndProject
Global
	GlobalSection(SolutionConfigurationPlatforms) = preSolution
		Debug|Any CPU = Debug|Any CPU
		Release|Any CPU = Release|Any CPU
	EndGlobalSection
	GlobalSection(ProjectConfigurationPlatforms) = postSolution
		{D0516F1F-94B9-4061-9936-C5D729A3099E}.Debug|Any CPU.ActiveCfg = Debug|Any CPU
		{D0516F1F-94B9-4061-9936-C5D729A3099E}.Debug|Any CPU.Build.0 = Debug|Any CPU
		{D0516F1F-94B9-4061-9936-C5D729A3099E}.Release|Any CPU.ActiveCfg = Release|Any CPU
		{D0516F1F-94B9-4061-9936-C5D729A3099E}.Release|Any CPU.Build.0 = Release|Any CPU
	EndGlobalSection
	GlobalSection(SolutionProperties) = preSolution
		HideSolutionNode = FALSE
	EndGlobalSection
	GlobalSection(ExtensibilityGlobals) = postSolution
		SolutionGuid = {B5D63AC0-1B39-47A5-865C-9A8AF8F038FE}
	EndGlobalSection
EndGlobal
